// !$*UTF8*$!
{
	archiveVersion = 1;
	classes = {
	};
	objectVersion = 50;
	objects = {

/* Begin PBXBuildFile section */
		FCBE1E0725A2628C00EEB578 /* AppDelegate.swift in Sources */ = {isa = PBXBuildFile; fileRef = FCBE1E0625A2628C00EEB578 /* AppDelegate.swift */; };
		FCBE1E0925A2628C00EEB578 /* SceneDelegate.swift in Sources */ = {isa = PBXBuildFile; fileRef = FCBE1E0825A2628C00EEB578 /* SceneDelegate.swift */; };
		FCBE1E0B25A2628C00EEB578 /* ViewController.swift in Sources */ = {isa = PBXBuildFile; fileRef = FCBE1E0A25A2628C00EEB578 /* ViewController.swift */; };
		FCBE1E0E25A2628C00EEB578 /* Main.storyboard in Resources */ = {isa = PBXBuildFile; fileRef = FCBE1E0C25A2628C00EEB578 /* Main.storyboard */; };
		FCBE1E1025A2629700EEB578 /* Assets.xcassets in Resources */ = {isa = PBXBuildFile; fileRef = FCBE1E0F25A2629700EEB578 /* Assets.xcassets */; };
		FCBE1E1325A2629700EEB578 /* LaunchScreen.storyboard in Resources */ = {isa = PBXBuildFile; fileRef = FCBE1E1125A2629700EEB578 /* LaunchScreen.storyboard */; };
		FCBE1E1E25A2629800EEB578 /* PreworkTests.swift in Sources */ = {isa = PBXBuildFile; fileRef = FCBE1E1D25A2629800EEB578 /* PreworkTests.swift */; };
		FCBE1E2925A2629800EEB578 /* PreworkUITests.swift in Sources */ = {isa = PBXBuildFile; fileRef = FCBE1E2825A2629800EEB578 /* PreworkUITests.swift */; };
/* End PBXBuildFile section */

/* Begin PBXContainerItemProxy section */
		FCBE1E1A25A2629800EEB578 /* PBXContainerItemProxy */ = {
			isa = PBXContainerItemProxy;
			containerPortal = FCBE1DFB25A2628B00EEB578 /* Project object */;
			proxyType = 1;
			remoteGlobalIDString = FCBE1E0225A2628B00EEB578;
			remoteInfo = Prework;
		};
		FCBE1E2525A2629800EEB578 /* PBXContainerItemProxy */ = {
			isa = PBXContainerItemProxy;
			containerPortal = FCBE1DFB25A2628B00EEB578 /* Project object */;
			proxyType = 1;
			remoteGlobalIDString = FCBE1E0225A2628B00EEB578;
			remoteInfo = Prework;
		};
/* End PBXContainerItemProxy section */

/* Begin PBXFileReference section */
		FCBE1E0325A2628C00EEB578 /* Prework.app */ = {isa = PBXFileReference; explicitFileType = wrapper.application; includeInIndex = 0; path = Prework.app; sourceTree = BUILT_PRODUCTS_DIR; };
		FCBE1E0625A2628C00EEB578 /* AppDelegate.swift */ = {isa = PBXFileReference; lastKnownFileType = sourcecode.swift; path = AppDelegate.swift; sourceTree = "<group>"; };
		FCBE1E0825A2628C00EEB578 /* SceneDelegate.swift */ = {isa = PBXFileReference; lastKnownFileType = sourcecode.swift; path = SceneDelegate.swift; sourceTree = "<group>"; };
		FCBE1E0A25A2628C00EEB578 /* ViewController.swift */ = {isa = PBXFileReference; lastKnownFileType = sourcecode.swift; path = ViewController.swift; sourceTree = "<group>"; };
		FCBE1E0D25A2628C00EEB578 /* Base */ = {isa = PBXFileReference; lastKnownFileType = file.storyboard; name = Base; path = Base.lproj/Main.storyboard; sourceTree = "<group>"; };
		FCBE1E0F25A2629700EEB578 /* Assets.xcassets */ = {isa = PBXFileReference; lastKnownFileType = folder.assetcatalog; path = Assets.xcassets; sourceTree = "<group>"; };
		FCBE1E1225A2629700EEB578 /* Base */ = {isa = PBXFileReference; lastKnownFileType = file.storyboard; name = Base; path = Base.lproj/LaunchScreen.storyboard; sourceTree = "<group>"; };
		FCBE1E1425A2629700EEB578 /* Info.plist */ = {isa = PBXFileReference; lastKnownFileType = text.plist.xml; path = Info.plist; sourceTree = "<group>"; };
		FCBE1E1925A2629800EEB578 /* PreworkTests.xctest */ = {isa = PBXFileReference; explicitFileType = wrapper.cfbundle; includeInIndex = 0; path = PreworkTests.xctest; sourceTree = BUILT_PRODUCTS_DIR; };
		FCBE1E1D25A2629800EEB578 /* PreworkTests.swift */ = {isa = PBXFileReference; lastKnownFileType = sourcecode.swift; path = PreworkTests.swift; sourceTree = "<group>"; };
		FCBE1E1F25A2629800EEB578 /* Info.plist */ = {isa = PBXFileReference; lastKnownFileType = text.plist.xml; path = Info.plist; sourceTree = "<group>"; };
		FCBE1E2425A2629800EEB578 /* PreworkUITests.xctest */ = {isa = PBXFileReference; explicitFileType = wrapper.cfbundle; includeInIndex = 0; path = PreworkUITests.xctest; sourceTree = BUILT_PRODUCTS_DIR; };
		FCBE1E2825A2629800EEB578 /* PreworkUITests.swift */ = {isa = PBXFileReference; lastKnownFileType = sourcecode.swift; path = PreworkUITests.swift; sourceTree = "<group>"; };
		FCBE1E2A25A2629900EEB578 /* Info.plist */ = {isa = PBXFileReference; lastKnownFileType = text.plist.xml; path = Info.plist; sourceTree = "<group>"; };
/* End PBXFileReference section */

/* Begin PBXFrameworksBuildPhase section */
		FCBE1E0025A2628B00EEB578 /* Frameworks */ = {
			isa = PBXFrameworksBuildPhase;
			buildActionMask = 2147483647;
			files = (
			);
			runOnlyForDeploymentPostprocessing = 0;
		};
		FCBE1E1625A2629800EEB578 /* Frameworks */ = {
			isa = PBXFrameworksBuildPhase;
			buildActionMask = 2147483647;
			files = (
			);
			runOnlyForDeploymentPostprocessing = 0;
		};
		FCBE1E2125A2629800EEB578 /* Frameworks */ = {
			isa = PBXFrameworksBuildPhase;
			buildActionMask = 2147483647;
			files = (
			);
			runOnlyForDeploymentPostprocessing = 0;
		};
/* End PBXFrameworksBuildPhase section */

/* Begin PBXGroup section */
		FCBE1DFA25A2628B00EEB578 = {
			isa = PBXGroup;
			children = (
				FCBE1E0525A2628C00EEB578 /* Prework */,
				FCBE1E1C25A2629800EEB578 /* PreworkTests */,
				FCBE1E2725A2629800EEB578 /* PreworkUITests */,
				FCBE1E0425A2628C00EEB578 /* Products */,
			);
			sourceTree = "<group>";
		};
		FCBE1E0425A2628C00EEB578 /* Products */ = {
			isa = PBXGroup;
			children = (
				FCBE1E0325A2628C00EEB578 /* Prework.app */,
				FCBE1E1925A2629800EEB578 /* PreworkTests.xctest */,
				FCBE1E2425A2629800EEB578 /* PreworkUITests.xctest */,
			);
			name = Products;
			sourceTree = "<group>";
		};
		FCBE1E0525A2628C00EEB578 /* Prework */ = {
			isa = PBXGroup;
			children = (
				FCBE1E0625A2628C00EEB578 /* AppDelegate.swift */,
				FCBE1E0825A2628C00EEB578 /* SceneDelegate.swift */,
				FCBE1E0A25A2628C00EEB578 /* ViewController.swift */,
				FCBE1E0C25A2628C00EEB578 /* Main.storyboard */,
				FCBE1E0F25A2629700EEB578 /* Assets.xcassets */,
				FCBE1E1125A2629700EEB578 /* LaunchScreen.storyboard */,
				FCBE1E1425A2629700EEB578 /* Info.plist */,
			);
			path = Prework;
			sourceTree = "<group>";
		};
		FCBE1E1C25A2629800EEB578 /* PreworkTests */ = {
			isa = PBXGroup;
			children = (
				FCBE1E1D25A2629800EEB578 /* PreworkTests.swift */,
				FCBE1E1F25A2629800EEB578 /* Info.plist */,
			);
			path = PreworkTests;
			sourceTree = "<group>";
		};
		FCBE1E2725A2629800EEB578 /* PreworkUITests */ = {
			isa = PBXGroup;
			children = (
				FCBE1E2825A2629800EEB578 /* PreworkUITests.swift */,
				FCBE1E2A25A2629900EEB578 /* Info.plist */,
			);
			path = PreworkUITests;
			sourceTree = "<group>";
		};
/* End PBXGroup section */

/* Begin PBXNativeTarget section */
		FCBE1E0225A2628B00EEB578 /* Prework */ = {
			isa = PBXNativeTarget;
			buildConfigurationList = FCBE1E2D25A2629900EEB578 /* Build configuration list for PBXNativeTarget "Prework" */;
			buildPhases = (
				FCBE1DFF25A2628B00EEB578 /* Sources */,
				FCBE1E0025A2628B00EEB578 /* Frameworks */,
				FCBE1E0125A2628B00EEB578 /* Resources */,
			);
			buildRules = (
			);
			dependencies = (
			);
			name = Prework;
			productName = Prework;
			productReference = FCBE1E0325A2628C00EEB578 /* Prework.app */;
			productType = "com.apple.product-type.application";
		};
		FCBE1E1825A2629800EEB578 /* PreworkTests */ = {
			isa = PBXNativeTarget;
			buildConfigurationList = FCBE1E3025A2629900EEB578 /* Build configuration list for PBXNativeTarget "PreworkTests" */;
			buildPhases = (
				FCBE1E1525A2629800EEB578 /* Sources */,
				FCBE1E1625A2629800EEB578 /* Frameworks */,
				FCBE1E1725A2629800EEB578 /* Resources */,
			);
			buildRules = (
			);
			dependencies = (
				FCBE1E1B25A2629800EEB578 /* PBXTargetDependency */,
			);
			name = PreworkTests;
			productName = PreworkTests;
			productReference = FCBE1E1925A2629800EEB578 /* PreworkTests.xctest */;
			productType = "com.apple.product-type.bundle.unit-test";
		};
		FCBE1E2325A2629800EEB578 /* PreworkUITests */ = {
			isa = PBXNativeTarget;
			buildConfigurationList = FCBE1E3325A2629900EEB578 /* Build configuration list for PBXNativeTarget "PreworkUITests" */;
			buildPhases = (
				FCBE1E2025A2629800EEB578 /* Sources */,
				FCBE1E2125A2629800EEB578 /* Frameworks */,
				FCBE1E2225A2629800EEB578 /* Resources */,
			);
			buildRules = (
			);
			dependencies = (
				FCBE1E2625A2629800EEB578 /* PBXTargetDependency */,
			);
			name = PreworkUITests;
			productName = PreworkUITests;
			productReference = FCBE1E2425A2629800EEB578 /* PreworkUITests.xctest */;
			productType = "com.apple.product-type.bundle.ui-testing";
		};
/* End PBXNativeTarget section */

/* Begin PBXProject section */
		FCBE1DFB25A2628B00EEB578 /* Project object */ = {
			isa = PBXProject;
			attributes = {
				LastSwiftUpdateCheck = 1230;
				LastUpgradeCheck = 1230;
				TargetAttributes = {
					FCBE1E0225A2628B00EEB578 = {
						CreatedOnToolsVersion = 12.3;
					};
					FCBE1E1825A2629800EEB578 = {
						CreatedOnToolsVersion = 12.3;
						TestTargetID = FCBE1E0225A2628B00EEB578;
					};
					FCBE1E2325A2629800EEB578 = {
						CreatedOnToolsVersion = 12.3;
						TestTargetID = FCBE1E0225A2628B00EEB578;
					};
				};
			};
			buildConfigurationList = FCBE1DFE25A2628B00EEB578 /* Build configuration list for PBXProject "Prework" */;
			compatibilityVersion = "Xcode 9.3";
			developmentRegion = en;
			hasScannedForEncodings = 0;
			knownRegions = (
				en,
				Base,
			);
			mainGroup = FCBE1DFA25A2628B00EEB578;
			productRefGroup = FCBE1E0425A2628C00EEB578 /* Products */;
			projectDirPath = "";
			projectRoot = "";
			targets = (
				FCBE1E0225A2628B00EEB578 /* Prework */,
				FCBE1E1825A2629800EEB578 /* PreworkTests */,
				FCBE1E2325A2629800EEB578 /* PreworkUITests */,
			);
		};
/* End PBXProject section */

/* Begin PBXResourcesBuildPhase section */
		FCBE1E0125A2628B00EEB578 /* Resources */ = {
			isa = PBXResourcesBuildPhase;
			buildActionMask = 2147483647;
			files = (
				FCBE1E1325A2629700EEB578 /* LaunchScreen.storyboard in Resources */,
				FCBE1E1025A2629700EEB578 /* Assets.xcassets in Resources */,
				FCBE1E0E25A2628C00EEB578 /* Main.storyboard in Resources */,
			);
			runOnlyForDeploymentPostprocessing = 0;
		};
		FCBE1E1725A2629800EEB578 /* Resources */ = {
			isa = PBXResourcesBuildPhase;
			buildActionMask = 2147483647;
			files = (
			);
			runOnlyForDeploymentPostprocessing = 0;
		};
		FCBE1E2225A2629800EEB578 /* Resources */ = {
			isa = PBXResourcesBuildPhase;
			buildActionMask = 2147483647;
			files = (
			);
			runOnlyForDeploymentPostprocessing = 0;
		};
/* End PBXResourcesBuildPhase section */

/* Begin PBXSourcesBuildPhase section */
		FCBE1DFF25A2628B00EEB578 /* Sources */ = {
			isa = PBXSourcesBuildPhase;
			buildActionMask = 2147483647;
			files = (
				FCBE1E0B25A2628C00EEB578 /* ViewController.swift in Sources */,
				FCBE1E0725A2628C00EEB578 /* AppDelegate.swift in Sources */,
				FCBE1E0925A2628C00EEB578 /* SceneDelegate.swift in Sources */,
			);
			runOnlyForDeploymentPostprocessing = 0;
		};
		FCBE1E1525A2629800EEB578 /* Sources */ = {
			isa = PBXSourcesBuildPhase;
			buildActionMask = 2147483647;
			files = (
				FCBE1E1E25A2629800EEB578 /* PreworkTests.swift in Sources */,
			);
			runOnlyForDeploymentPostprocessing = 0;
		};
		FCBE1E2025A2629800EEB578 /* Sources */ = {
			isa = PBXSourcesBuildPhase;
			buildActionMask = 2147483647;
			files = (
				FCBE1E2925A2629800EEB578 /* PreworkUITests.swift in Sources */,
			);
			runOnlyForDeploymentPostprocessing = 0;
		};
/* End PBXSourcesBuildPhase section */

/* Begin PBXTargetDependency section */
		FCBE1E1B25A2629800EEB578 /* PBXTargetDependency */ = {
			isa = PBXTargetDependency;
			target = FCBE1E0225A2628B00EEB578 /* Prework */;
			targetProxy = FCBE1E1A25A2629800EEB578 /* PBXContainerItemProxy */;
		};
		FCBE1E2625A2629800EEB578 /* PBXTargetDependency */ = {
			isa = PBXTargetDependency;
			target = FCBE1E0225A2628B00EEB578 /* Prework */;
			targetProxy = FCBE1E2525A2629800EEB578 /* PBXContainerItemProxy */;
		};
/* End PBXTargetDependency section */

/* Begin PBXVariantGroup section */
		FCBE1E0C25A2628C00EEB578 /* Main.storyboard */ = {
			isa = PBXVariantGroup;
			children = (
				FCBE1E0D25A2628C00EEB578 /* Base */,
			);
			name = Main.storyboard;
			sourceTree = "<group>";
		};
		FCBE1E1125A2629700EEB578 /* LaunchScreen.storyboard */ = {
			isa = PBXVariantGroup;
			children = (
				FCBE1E1225A2629700EEB578 /* Base */,
			);
			name = LaunchScreen.storyboard;
			sourceTree = "<group>";
		};
/* End PBXVariantGroup section */

/* Begin XCBuildConfiguration section */
		FCBE1E2B25A2629900EEB578 /* Debug */ = {
			isa = XCBuildConfiguration;
			buildSettings = {
				ALWAYS_SEARCH_USER_PATHS = NO;
				CLANG_ANALYZER_NONNULL = YES;
				CLANG_ANALYZER_NUMBER_OBJECT_CONVERSION = YES_AGGRESSIVE;
				CLANG_CXX_LANGUAGE_STANDARD = "gnu++14";
				CLANG_CXX_LIBRARY = "libc++";
				CLANG_ENABLE_MODULES = YES;
				CLANG_ENABLE_OBJC_ARC = YES;
				CLANG_ENABLE_OBJC_WEAK = YES;
				CLANG_WARN_BLOCK_CAPTURE_AUTORELEASING = YES;
				CLANG_WARN_BOOL_CONVERSION = YES;
				CLANG_WARN_COMMA = YES;
				CLANG_WARN_CONSTANT_CONVERSION = YES;
				CLANG_WARN_DEPRECATED_OBJC_IMPLEMENTATIONS = YES;
				CLANG_WARN_DIRECT_OBJC_ISA_USAGE = YES_ERROR;
				CLANG_WARN_DOCUMENTATION_COMMENTS = YES;
				CLANG_WARN_EMPTY_BODY = YES;
				CLANG_WARN_ENUM_CONVERSION = YES;
				CLANG_WARN_INFINITE_RECURSION = YES;
				CLANG_WARN_INT_CONVERSION = YES;
				CLANG_WARN_NON_LITERAL_NULL_CONVERSION = YES;
				CLANG_WARN_OBJC_IMPLICIT_RETAIN_SELF = YES;
				CLANG_WARN_OBJC_LITERAL_CONVERSION = YES;
				CLANG_WARN_OBJC_ROOT_CLASS = YES_ERROR;
				CLANG_WARN_QUOTED_INCLUDE_IN_FRAMEWORK_HEADER = YES;
				CLANG_WARN_RANGE_LOOP_ANALYSIS = YES;
				CLANG_WARN_STRICT_PROTOTYPES = YES;
				CLANG_WARN_SUSPICIOUS_MOVE = YES;
				CLANG_WARN_UNGUARDED_AVAILABILITY = YES_AGGRESSIVE;
				CLANG_WARN_UNREACHABLE_CODE = YES;
				CLANG_WARN__DUPLICATE_METHOD_MATCH = YES;
				COPY_PHASE_STRIP = NO;
				DEBUG_INFORMATION_FORMAT = dwarf;
				ENABLE_STRICT_OBJC_MSGSEND = YES;
				ENABLE_TESTABILITY = YES;
				GCC_C_LANGUAGE_STANDARD = gnu11;
				GCC_DYNAMIC_NO_PIC = NO;
				GCC_NO_COMMON_BLOCKS = YES;
				GCC_OPTIMIZATION_LEVEL = 0;
				GCC_PREPROCESSOR_DEFINITIONS = (
					"DEBUG=1",
					"$(inherited)",
				);
				GCC_WARN_64_TO_32_BIT_CONVERSION = YES;
				GCC_WARN_ABOUT_RETURN_TYPE = YES_ERROR;
				GCC_WARN_UNDECLARED_SELECTOR = YES;
				GCC_WARN_UNINITIALIZED_AUTOS = YES_AGGRESSIVE;
				GCC_WARN_UNUSED_FUNCTION = YES;
				GCC_WARN_UNUSED_VARIABLE = YES;
				IPHONEOS_DEPLOYMENT_TARGET = 14.3;
				MTL_ENABLE_DEBUG_INFO = INCLUDE_SOURCE;
				MTL_FAST_MATH = YES;
				ONLY_ACTIVE_ARCH = YES;
				SDKROOT = iphoneos;
				SWIFT_ACTIVE_COMPILATION_CONDITIONS = DEBUG;
				SWIFT_OPTIMIZATION_LEVEL = "-Onone";
			};
			name = Debug;
		};
		FCBE1E2C25A2629900EEB578 /* Release */ = {
			isa = XCBuildConfiguration;
			buildSettings = {
				ALWAYS_SEARCH_USER_PATHS = NO;
				CLANG_ANALYZER_NONNULL = YES;
				CLANG_ANALYZER_NUMBER_OBJECT_CONVERSION = YES_AGGRESSIVE;
				CLANG_CXX_LANGUAGE_STANDARD = "gnu++14";
				CLANG_CXX_LIBRARY = "libc++";
				CLANG_ENABLE_MODULES = YES;
				CLANG_ENABLE_OBJC_ARC = YES;
				CLANG_ENABLE_OBJC_WEAK = YES;
				CLANG_WARN_BLOCK_CAPTURE_AUTORELEASING = YES;
				CLANG_WARN_BOOL_CONVERSION = YES;
				CLANG_WARN_COMMA = YES;
				CLANG_WARN_CONSTANT_CONVERSION = YES;
				CLANG_WARN_DEPRECATED_OBJC_IMPLEMENTATIONS = YES;
				CLANG_WARN_DIRECT_OBJC_ISA_USAGE = YES_ERROR;
				CLANG_WARN_DOCUMENTATION_COMMENTS = YES;
				CLANG_WARN_EMPTY_BODY = YES;
				CLANG_WARN_ENUM_CONVERSION = YES;
				CLANG_WARN_INFINITE_RECURSION = YES;
				CLANG_WARN_INT_CONVERSION = YES;
				CLANG_WARN_NON_LITERAL_NULL_CONVERSION = YES;
				CLANG_WARN_OBJC_IMPLICIT_RETAIN_SELF = YES;
				CLANG_WARN_OBJC_LITERAL_CONVERSION = YES;
				CLANG_WARN_OBJC_ROOT_CLASS = YES_ERROR;
				CLANG_WARN_QUOTED_INCLUDE_IN_FRAMEWORK_HEADER = YES;
				CLANG_WARN_RANGE_LOOP_ANALYSIS = YES;
				CLANG_WARN_STRICT_PROTOTYPES = YES;
				CLANG_WARN_SUSPICIOUS_MOVE = YES;
				CLANG_WARN_UNGUARDED_AVAILABILITY = YES_AGGRESSIVE;
				CLANG_WARN_UNREACHABLE_CODE = YES;
				CLANG_WARN__DUPLICATE_METHOD_MATCH = YES;
				COPY_PHASE_STRIP = NO;
				DEBUG_INFORMATION_FORMAT = "dwarf-with-dsym";
				ENABLE_NS_ASSERTIONS = NO;
				ENABLE_STRICT_OBJC_MSGSEND = YES;
				GCC_C_LANGUAGE_STANDARD = gnu11;
				GCC_NO_COMMON_BLOCKS = YES;
				GCC_WARN_64_TO_32_BIT_CONVERSION = YES;
				GCC_WARN_ABOUT_RETURN_TYPE = YES_ERROR;
				GCC_WARN_UNDECLARED_SELECTOR = YES;
				GCC_WARN_UNINITIALIZED_AUTOS = YES_AGGRESSIVE;
				GCC_WARN_UNUSED_FUNCTION = YES;
				GCC_WARN_UNUSED_VARIABLE = YES;
				IPHONEOS_DEPLOYMENT_TARGET = 14.3;
				MTL_ENABLE_DEBUG_INFO = NO;
				MTL_FAST_MATH = YES;
				SDKROOT = iphoneos;
				SWIFT_COMPILATION_MODE = wholemodule;
				SWIFT_OPTIMIZATION_LEVEL = "-O";
				VALIDATE_PRODUCT = YES;
			};
			name = Release;
		};
		FCBE1E2E25A2629900EEB578 /* Debug */ = {
			isa = XCBuildConfiguration;
			buildSettings = {
				ASSETCATALOG_COMPILER_APPICON_NAME = AppIcon;
				ASSETCATALOG_COMPILER_GLOBAL_ACCENT_COLOR_NAME = AccentColor;
				CODE_SIGN_STYLE = Automatic;
				INFOPLIST_FILE = Prework/Info.plist;
				LD_RUNPATH_SEARCH_PATHS = (
					"$(inherited)",
					"@executable_path/Frameworks",
				);
				PRODUCT_BUNDLE_IDENTIFIER = momo.Prework;
				PRODUCT_NAME = "$(TARGET_NAME)";
				SWIFT_VERSION = 5.0;
				TARGETED_DEVICE_FAMILY = "1,2";
			};
			name = Debug;
		};
		FCBE1E2F25A2629900EEB578 /* Release */ = {
			isa = XCBuildConfiguration;
			buildSettings = {
				ASSETCATALOG_COMPILER_APPICON_NAME = AppIcon;
				ASSETCATALOG_COMPILER_GLOBAL_ACCENT_COLOR_NAME = AccentColor;
				CODE_SIGN_STYLE = Automatic;
				INFOPLIST_FILE = Prework/Info.plist;
				LD_RUNPATH_SEARCH_PATHS = (
					"$(inherited)",
					"@executable_path/Frameworks",
				);
				PRODUCT_BUNDLE_IDENTIFIER = momo.Prework;
				PRODUCT_NAME = "$(TARGET_NAME)";
				SWIFT_VERSION = 5.0;
				TARGETED_DEVICE_FAMILY = "1,2";
			};
			name = Release;
		};
		FCBE1E3125A2629900EEB578 /* Debug */ = {
			isa = XCBuildConfiguration;
			buildSettings = {
				ALWAYS_EMBED_SWIFT_STANDARD_LIBRARIES = YES;
				BUNDLE_LOADER = "$(TEST_HOST)";
				CODE_SIGN_STYLE = Automatic;
				INFOPLIST_FILE = PreworkTests/Info.plist;
				IPHONEOS_DEPLOYMENT_TARGET = 14.3;
				LD_RUNPATH_SEARCH_PATHS = (
					"$(inherited)",
					"@executable_path/Frameworks",
					"@loader_path/Frameworks",
				);
				PRODUCT_BUNDLE_IDENTIFIER = momo.PreworkTests;
				PRODUCT_NAME = "$(TARGET_NAME)";
				SWIFT_VERSION = 5.0;
				TARGETED_DEVICE_FAMILY = "1,2";
				TEST_HOST = "$(BUILT_PRODUCTS_DIR)/Prework.app/Prework";
			};
			name = Debug;
		};
		FCBE1E3225A2629900EEB578 /* Release */ = {
			isa = XCBuildConfiguration;
			buildSettings = {
				ALWAYS_EMBED_SWIFT_STANDARD_LIBRARIES = YES;
				BUNDLE_LOADER = "$(TEST_HOST)";
				CODE_SIGN_STYLE = Automatic;
				INFOPLIST_FILE = PreworkTests/Info.plist;
				IPHONEOS_DEPLOYMENT_TARGET = 14.3;
				LD_RUNPATH_SEARCH_PATHS = (
					"$(inherited)",
					"@executable_path/Frameworks",
					"@loader_path/Frameworks",
				);
				PRODUCT_BUNDLE_IDENTIFIER = momo.PreworkTests;
				PRODUCT_NAME = "$(TARGET_NAME)";
				SWIFT_VERSION = 5.0;
				TARGETED_DEVICE_FAMILY = "1,2";
				TEST_HOST = "$(BUILT_PRODUCTS_DIR)/Prework.app/Prework";
			};
			name = Release;
		};
		FCBE1E3425A2629900EEB578 /* Debug */ = {
			isa = XCBuildConfiguration;
			buildSettings = {
				ALWAYS_EMBED_SWIFT_STANDARD_LIBRARIES = YES;
				CODE_SIGN_STYLE = Automatic;
				INFOPLIST_FILE = PreworkUITests/Info.plist;
				LD_RUNPATH_SEARCH_PATHS = (
					"$(inherited)",
					"@executable_path/Frameworks",
					"@loader_path/Frameworks",
				);
				PRODUCT_BUNDLE_IDENTIFIER = momo.PreworkUITests;
				PRODUCT_NAME = "$(TARGET_NAME)";
				SWIFT_VERSION = 5.0;
				TARGETED_DEVICE_FAMILY = "1,2";
				TEST_TARGET_NAME = Prework;
			};
			name = Debug;
		};
		FCBE1E3525A2629900EEB578 /* Release */ = {
			isa = XCBuildConfiguration;
			buildSettings = {
				ALWAYS_EMBED_SWIFT_STANDARD_LIBRARIES = YES;
				CODE_SIGN_STYLE = Automatic;
				INFOPLIST_FILE = PreworkUITests/Info.plist;
				LD_RUNPATH_SEARCH_PATHS = (
					"$(inherited)",
					"@executable_path/Frameworks",
					"@loader_path/Frameworks",
				);
				PRODUCT_BUNDLE_IDENTIFIER = momo.PreworkUITests;
				PRODUCT_NAME = "$(TARGET_NAME)";
				SWIFT_VERSION = 5.0;
				TARGETED_DEVICE_FAMILY = "1,2";
				TEST_TARGET_NAME = Prework;
			};
			name = Release;
		};
/* End XCBuildConfiguration section */

/* Begin XCConfigurationList section */
		FCBE1DFE25A2628B00EEB578 /* Build configuration list for PBXProject "Prework" */ = {
			isa = XCConfigurationList;
			buildConfigurations = (
				FCBE1E2B25A2629900EEB578 /* Debug */,
				FCBE1E2C25A2629900EEB578 /* Release */,
			);
			defaultConfigurationIsVisible = 0;
			defaultConfigurationName = Release;
		};
		FCBE1E2D25A2629900EEB578 /* Build configuration list for PBXNativeTarget "Prework" */ = {
			isa = XCConfigurationList;
			buildConfigurations = (
				FCBE1E2E25A2629900EEB578 /* Debug */,
				FCBE1E2F25A2629900EEB578 /* Release */,
			);
			defaultConfigurationIsVisible = 0;
			defaultConfigurationName = Release;
		};
		FCBE1E3025A2629900EEB578 /* Build configuration list for PBXNativeTarget "PreworkTests" */ = {
			isa = XCConfigurationList;
			buildConfigurations = (
				FCBE1E3125A2629900EEB578 /* Debug */,
				FCBE1E3225A2629900EEB578 /* Release */,
			);
			defaultConfigurationIsVisible = 0;
			defaultConfigurationName = Release;
		};
		FCBE1E3325A2629900EEB578 /* Build configuration list for PBXNativeTarget "PreworkUITests" */ = {
			isa = XCConfigurationList;
			buildConfigurations = (
				FCBE1E3425A2629900EEB578 /* Debug */,
				FCBE1E3525A2629900EEB578 /* Release */,
			);
			defaultConfigurationIsVisible = 0;
			defaultConfigurationName = Release;
		};
/* End XCConfigurationList section */
	};
	rootObject = FCBE1DFB25A2628B00EEB578 /* Project object */;
}
